version = 1
requires-python = ">=3.10"

[[package]]
name = "aniso8601"
version = "9.0.1"
source = { registry = "https://pypi.org/simple" }
sdist = { url = "https://files.pythonhosted.org/packages/cb/72/be3db445b03944bfbb2b02b82d00cb2a2bcf96275c4543f14bf60fa79e12/aniso8601-9.0.1.tar.gz", hash = "sha256:72e3117667eedf66951bb2d93f4296a56b94b078a8a95905a052611fb3f1b973", size = 47345 }
wheels = [
    { url = "https://files.pythonhosted.org/packages/e3/04/e97c12dc034791d7b504860acfcdd2963fa21ae61eaca1c9d31245f812c3/aniso8601-9.0.1-py2.py3-none-any.whl", hash = "sha256:1d2b7ef82963909e93c4f24ce48d4de9e66009a21bf1c1e1c85bdd0812fe412f", size = 52754 },
]

[[package]]
name = "attrs"
version = "24.2.0"
source = { registry = "https://pypi.org/simple" }
sdist = { url = "https://files.pythonhosted.org/packages/fc/0f/aafca9af9315aee06a89ffde799a10a582fe8de76c563ee80bbcdc08b3fb/attrs-24.2.0.tar.gz", hash = "sha256:5cfb1b9148b5b086569baec03f20d7b6bf3bcacc9a42bebf87ffaaca362f6346", size = 792678 }
wheels = [
    { url = "https://files.pythonhosted.org/packages/6a/21/5b6702a7f963e95456c0de2d495f67bf5fd62840ac655dc451586d23d39a/attrs-24.2.0-py3-none-any.whl", hash = "sha256:81921eb96de3191c8258c199618104dd27ac608d9366f5e35d011eae1867ede2", size = 63001 },
]

[[package]]
name = "blinker"
version = "1.8.2"
source = { registry = "https://pypi.org/simple" }
sdist = { url = "https://files.pythonhosted.org/packages/1e/57/a6a1721eff09598fb01f3c7cda070c1b6a0f12d63c83236edf79a440abcc/blinker-1.8.2.tar.gz", hash = "sha256:8f77b09d3bf7c795e969e9486f39c2c5e9c39d4ee07424be2bc594ece9642d83", size = 23161 }
wheels = [
    { url = "https://files.pythonhosted.org/packages/bb/2a/10164ed1f31196a2f7f3799368a821765c62851ead0e630ab52b8e14b4d0/blinker-1.8.2-py3-none-any.whl", hash = "sha256:1779309f71bf239144b9399d06ae925637cf6634cf6bd131104184531bf67c01", size = 9456 },
]

[[package]]
name = "click"
version = "8.1.7"
source = { registry = "https://pypi.org/simple" }
dependencies = [
    { name = "colorama", marker = "platform_system == 'Windows'" },
]
sdist = { url = "https://files.pythonhosted.org/packages/96/d3/f04c7bfcf5c1862a2a5b845c6b2b360488cf47af55dfa79c98f6a6bf98b5/click-8.1.7.tar.gz", hash = "sha256:ca9853ad459e787e2192211578cc907e7594e294c7ccc834310722b41b9ca6de", size = 336121 }
wheels = [
    { url = "https://files.pythonhosted.org/packages/00/2e/d53fa4befbf2cfa713304affc7ca780ce4fc1fd8710527771b58311a3229/click-8.1.7-py3-none-any.whl", hash = "sha256:ae74fb96c20a0277a1d615f1e4d73c8414f5a98db8b799a7931d1582f3390c28", size = 97941 },
]

[[package]]
name = "colorama"
version = "0.4.6"
source = { registry = "https://pypi.org/simple" }
sdist = { url = "https://files.pythonhosted.org/packages/d8/53/6f443c9a4a8358a93a6792e2acffb9d9d5cb0a5cfd8802644b7b1c9a02e4/colorama-0.4.6.tar.gz", hash = "sha256:08695f5cb7ed6e0531a20572697297273c47b8cae5a63ffc6d6ed5c201be6e44", size = 27697 }
wheels = [
    { url = "https://files.pythonhosted.org/packages/d1/d6/3965ed04c63042e047cb6a3e6ed1a63a35087b6a609aa3a15ed8ac56c221/colorama-0.4.6-py2.py3-none-any.whl", hash = "sha256:4f1d9991f5acc0ca119f9d443620b77f9d6b33703e51011c16baf57afb285fc6", size = 25335 },
]

[[package]]
name = "couchbase"
version = "4.3.2"
source = { registry = "https://pypi.org/simple" }
sdist = { url = "https://files.pythonhosted.org/packages/99/68/4aab031f1b2f2da3c661a7e18dd7bd276eee163ae9040cc4b2ab1a6417e1/couchbase-4.3.2.tar.gz", hash = "sha256:6f3c2fc874a8b6ca7e6c8b3aaebcbfa4e14937afdb470aaa9b16724c4746b8d5", size = 6678953 }
wheels = [
    { url = "https://files.pythonhosted.org/packages/df/2a/36704e6fc0e20aa20f8120078bd39bbbc691e83ffdc6c3acfe3a2dba03c4/couchbase-4.3.2-cp310-cp310-macosx_10_15_x86_64.whl", hash = "sha256:85df43305f2646203192d67a9433abb5e1098390cba6adec8c4f675ba9ba7fdc", size = 4832988 },
    { url = "https://files.pythonhosted.org/packages/63/22/31144f89d11120d0c9a7a853b5fc9967202dd192325d76e0df77805518fa/couchbase-4.3.2-cp310-cp310-macosx_11_0_arm64.whl", hash = "sha256:5b8ee78c7a4b7451db6fcd534dc24462f2cd0e863f16495e687a23b7aecf8296", size = 4382128 },
    { url = "https://files.pythonhosted.org/packages/8d/43/e49e6760b328b4a9cd0f01d3aa89275fe5e60c87c73efbbfdaf9eb090e3f/couchbase-4.3.2-cp310-cp310-manylinux2014_aarch64.manylinux_2_17_aarch64.whl", hash = "sha256:2841b86eb80454279548d8102ce6e71f5bc791eb4a83cb3575b7cf4104c374b2", size = 4923313 },
    { url = "https://files.pythonhosted.org/packages/97/ad/d844d3b5d9befec7f089f06cda5a36662bb1c033040549fc49eab723fb9f/couchbase-4.3.2-cp310-cp310-manylinux2014_x86_64.manylinux_2_17_x86_64.whl", hash = "sha256:540545fd867de02985eb16733c1b16228b0e09461e44a9c2bfad0200fdf7d09a", size = 5133723 },
    { url = "https://files.pythonhosted.org/packages/63/df/e75058ec319d3134cb429ca165e5378afe723b6f90e2cf220fc2c18d5716/couchbase-4.3.2-cp310-cp310-musllinux_1_1_x86_64.whl", hash = "sha256:52cdcd65fb6565f51ea4540fe823143f0fb9d650136b96b904b1650b05a06746", size = 5774711 },
    { url = "https://files.pythonhosted.org/packages/31/f3/4f2f14c974db97b07e9647d6a0823c033099ee69aa21b5df4e9f8b1ccef6/couchbase-4.3.2-cp310-cp310-win_amd64.whl", hash = "sha256:3fb88b9f52c2099a4e25fbc30f27734c3da5c86af930de1f4102d03a3df8e77a", size = 4168107 },
    { url = "https://files.pythonhosted.org/packages/5c/e9/53bfb2b4cdf75860e4f546cc5180799455c84687e56db25024f671f10798/couchbase-4.3.2-cp311-cp311-macosx_10_15_x86_64.whl", hash = "sha256:b12288e15326b6fae027a419467403d6c9f3f9641cd9cfee0ab0930a9d2315cd", size = 4893570 },
    { url = "https://files.pythonhosted.org/packages/5b/7a/7881ba48e243518bb1d764819cc5cc0f276f700f7bf41bbe43152d2fee97/couchbase-4.3.2-cp311-cp311-macosx_11_0_arm64.whl", hash = "sha256:86e2713759b26ee279574d740151ba4b0ad859a45fc7ac1d13fcdd39d8ee2951", size = 4363576 },
    { url = "https://files.pythonhosted.org/packages/c4/f8/b103f4b81f88bdce0051a06e5c9e010926ed0464265522ba7b8855c84613/couchbase-4.3.2-cp311-cp311-manylinux2014_aarch64.manylinux_2_17_aarch64.whl", hash = "sha256:6a43ce67ffe90bbb5460da5c95d778e804bcd81c037cc8a347f2966afc6c4b5a", size = 4923262 },
    { url = "https://files.pythonhosted.org/packages/84/88/9d069fc8c3c93132c90eae69d5314bcb1113f76792aaab0e39a95c9e298e/couchbase-4.3.2-cp311-cp311-manylinux2014_x86_64.manylinux_2_17_x86_64.whl", hash = "sha256:401a7d5a442196bf805746b8354636753ec12c788fba918245345c32211bdf0c", size = 5133761 },
    { url = "https://files.pythonhosted.org/packages/09/49/4f4fd75b51ddc2966eb5e083a037ff28d97e717b50fc8c888e12fe349c05/couchbase-4.3.2-cp311-cp311-musllinux_1_1_x86_64.whl", hash = "sha256:aac415f89c38482ac076b4b766537701e99f728cc1c5b2de8c16fa28ce7caa53", size = 5774882 },
    { url = "https://files.pythonhosted.org/packages/aa/30/48870d82e4cda53242e233971e7a3cc824b06686217f7564c3d91e561747/couchbase-4.3.2-cp311-cp311-win_amd64.whl", hash = "sha256:220fe6b75ebbda4651a8e0370642c0f5db5da7f3b0acd9fc8e2b5b31427f9fb1", size = 4168162 },
    { url = "https://files.pythonhosted.org/packages/96/70/3df0bfd638bdd3d363256fb4b504621ad5dc8b598346ef0d91fc1714ee14/couchbase-4.3.2-cp312-cp312-macosx_10_15_x86_64.whl", hash = "sha256:bf5814a8e9efe405c9c81145c8afca7e55b964543984c9d8dc340163597b09b2", size = 4834639 },
    { url = "https://files.pythonhosted.org/packages/34/b1/ef9c6d430ccb588ef2beed1ee073447015a062dc9418c8c404e7862e1b3e/couchbase-4.3.2-cp312-cp312-macosx_11_0_arm64.whl", hash = "sha256:bd93d352ccb35c86eec9e5b4d1de015c26c15b52c80204f75189bde627b8b529", size = 4364926 },
    { url = "https://files.pythonhosted.org/packages/85/05/6f428c41eb2eee264079af6b81de3a74493965bf83165202a1df091a0e8d/couchbase-4.3.2-cp312-cp312-manylinux2014_aarch64.manylinux_2_17_aarch64.whl", hash = "sha256:bbefa6111be033587b04b2586f5fc8d6db9a76ec138fea5288c8698c8f294bc2", size = 4925735 },
    { url = "https://files.pythonhosted.org/packages/b5/9a/ef3bf52e3c676560143678646cd9a3ac6077edae945527d4764715f8f953/couchbase-4.3.2-cp312-cp312-manylinux2014_x86_64.manylinux_2_17_x86_64.whl", hash = "sha256:419a79b2a98bf3d168b264e0dfc1a0949727a2c3ef455e2ffe8e734a2fdc6e7a", size = 5137672 },
    { url = "https://files.pythonhosted.org/packages/98/7d/c9a64538ed1282daa47e0dc21d3fda6d648145598161ff8d4a7dac9ca279/couchbase-4.3.2-cp312-cp312-musllinux_1_1_x86_64.whl", hash = "sha256:30115cde63fc18abe587d167bbb0d37e8c253f7430e08e69f64eaca2eb7e4ca0", size = 5773853 },
    { url = "https://files.pythonhosted.org/packages/4f/0c/6b3851f4041049154a1cfbf3093e5b6328084588242222024e8077731deb/couchbase-4.3.2-cp312-cp312-win_amd64.whl", hash = "sha256:5b4eccd4a0ac30d58ea0570a1882a8c0e367a9d54d80c0f6a288e348d1b2b41e", size = 4172214 },
]

[[package]]
name = "flask"
version = "3.0.3"
source = { registry = "https://pypi.org/simple" }
dependencies = [
    { name = "blinker" },
    { name = "click" },
    { name = "itsdangerous" },
    { name = "jinja2" },
    { name = "werkzeug" },
]
sdist = { url = "https://files.pythonhosted.org/packages/41/e1/d104c83026f8d35dfd2c261df7d64738341067526406b40190bc063e829a/flask-3.0.3.tar.gz", hash = "sha256:ceb27b0af3823ea2737928a4d99d125a06175b8512c445cbd9a9ce200ef76842", size = 676315 }
wheels = [
    { url = "https://files.pythonhosted.org/packages/61/80/ffe1da13ad9300f87c93af113edd0638c75138c42a0994becfacac078c06/flask-3.0.3-py3-none-any.whl", hash = "sha256:34e815dfaa43340d1d15a5c3a02b8476004037eb4840b34910c6e21679d288f3", size = 101735 },
]

[[package]]
name = "flask-restx"
version = "1.3.0"
source = { registry = "https://pypi.org/simple" }
dependencies = [
    { name = "aniso8601" },
    { name = "flask" },
    { name = "importlib-resources" },
    { name = "jsonschema" },
    { name = "pytz" },
    { name = "werkzeug" },
]
sdist = { url = "https://files.pythonhosted.org/packages/45/4c/2e7d84e2b406b47cf3bf730f521efe474977b404ee170d8ea68dc37e6733/flask-restx-1.3.0.tar.gz", hash = "sha256:4f3d3fa7b6191fcc715b18c201a12cd875176f92ba4acc61626ccfd571ee1728", size = 2814072 }
wheels = [
    { url = "https://files.pythonhosted.org/packages/a5/bf/1907369f2a7ee614dde5152ff8f811159d357e77962aa3f8c2e937f63731/flask_restx-1.3.0-py2.py3-none-any.whl", hash = "sha256:636c56c3fb3f2c1df979e748019f084a938c4da2035a3e535a4673e4fc177691", size = 2798683 },
]

[[package]]
name = "importlib-resources"
version = "6.4.5"
source = { registry = "https://pypi.org/simple" }
sdist = { url = "https://files.pythonhosted.org/packages/98/be/f3e8c6081b684f176b761e6a2fef02a0be939740ed6f54109a2951d806f3/importlib_resources-6.4.5.tar.gz", hash = "sha256:980862a1d16c9e147a59603677fa2aa5fd82b87f223b6cb870695bcfce830065", size = 43372 }
wheels = [
    { url = "https://files.pythonhosted.org/packages/e1/6a/4604f9ae2fa62ef47b9de2fa5ad599589d28c9fd1d335f32759813dfa91e/importlib_resources-6.4.5-py3-none-any.whl", hash = "sha256:ac29d5f956f01d5e4bb63102a5a19957f1b9175e45649977264a1416783bb717", size = 36115 },
]

[[package]]
name = "itsdangerous"
version = "2.2.0"
source = { registry = "https://pypi.org/simple" }
sdist = { url = "https://files.pythonhosted.org/packages/9c/cb/8ac0172223afbccb63986cc25049b154ecfb5e85932587206f42317be31d/itsdangerous-2.2.0.tar.gz", hash = "sha256:e0050c0b7da1eea53ffaf149c0cfbb5c6e2e2b69c4bef22c81fa6eb73e5f6173", size = 54410 }
wheels = [
    { url = "https://files.pythonhosted.org/packages/04/96/92447566d16df59b2a776c0fb82dbc4d9e07cd95062562af01e408583fc4/itsdangerous-2.2.0-py3-none-any.whl", hash = "sha256:c6242fc49e35958c8b15141343aa660db5fc54d4f13a1db01a3f5891b98700ef", size = 16234 },
]

[[package]]
name = "jinja2"
version = "3.1.4"
source = { registry = "https://pypi.org/simple" }
dependencies = [
    { name = "markupsafe" },
]
sdist = { url = "https://files.pythonhosted.org/packages/ed/55/39036716d19cab0747a5020fc7e907f362fbf48c984b14e62127f7e68e5d/jinja2-3.1.4.tar.gz", hash = "sha256:4a3aee7acbbe7303aede8e9648d13b8bf88a429282aa6122a993f0ac800cb369", size = 240245 }
wheels = [
    { url = "https://files.pythonhosted.org/packages/31/80/3a54838c3fb461f6fec263ebf3a3a41771bd05190238de3486aae8540c36/jinja2-3.1.4-py3-none-any.whl", hash = "sha256:bc5dd2abb727a5319567b7a813e6a2e7318c39f4f487cfe6c89c6f9c7d25197d", size = 133271 },
]

[[package]]
name = "jsonschema"
version = "4.23.0"
source = { registry = "https://pypi.org/simple" }
dependencies = [
    { name = "attrs" },
    { name = "jsonschema-specifications" },
    { name = "referencing" },
    { name = "rpds-py" },
]
sdist = { url = "https://files.pythonhosted.org/packages/38/2e/03362ee4034a4c917f697890ccd4aec0800ccf9ded7f511971c75451deec/jsonschema-4.23.0.tar.gz", hash = "sha256:d71497fef26351a33265337fa77ffeb82423f3ea21283cd9467bb03999266bc4", size = 325778 }
wheels = [
    { url = "https://files.pythonhosted.org/packages/69/4a/4f9dbeb84e8850557c02365a0eee0649abe5eb1d84af92a25731c6c0f922/jsonschema-4.23.0-py3-none-any.whl", hash = "sha256:fbadb6f8b144a8f8cf9f0b89ba94501d143e50411a1278633f56a7acf7fd5566", size = 88462 },
]

[[package]]
name = "jsonschema-specifications"
version = "2023.12.1"
source = { registry = "https://pypi.org/simple" }
dependencies = [
    { name = "referencing" },
]
sdist = { url = "https://files.pythonhosted.org/packages/f8/b9/cc0cc592e7c195fb8a650c1d5990b10175cf13b4c97465c72ec841de9e4b/jsonschema_specifications-2023.12.1.tar.gz", hash = "sha256:48a76787b3e70f5ed53f1160d2b81f586e4ca6d1548c5de7085d1682674764cc", size = 13983 }
wheels = [
    { url = "https://files.pythonhosted.org/packages/ee/07/44bd408781594c4d0a027666ef27fab1e441b109dc3b76b4f836f8fd04fe/jsonschema_specifications-2023.12.1-py3-none-any.whl", hash = "sha256:87e4fdf3a94858b8a2ba2778d9ba57d8a9cafca7c7489c46ba0d30a8bc6a9c3c", size = 18482 },
]

[[package]]
name = "markupsafe"
version = "2.1.5"
source = { registry = "https://pypi.org/simple" }
sdist = { url = "https://files.pythonhosted.org/packages/87/5b/aae44c6655f3801e81aa3eef09dbbf012431987ba564d7231722f68df02d/MarkupSafe-2.1.5.tar.gz", hash = "sha256:d283d37a890ba4c1ae73ffadf8046435c76e7bc2247bbb63c00bd1a709c6544b", size = 19384 }
wheels = [
    { url = "https://files.pythonhosted.org/packages/e4/54/ad5eb37bf9d51800010a74e4665425831a9db4e7c4e0fde4352e391e808e/MarkupSafe-2.1.5-cp310-cp310-macosx_10_9_universal2.whl", hash = "sha256:a17a92de5231666cfbe003f0e4b9b3a7ae3afb1ec2845aadc2bacc93ff85febc", size = 18206 },
    { url = "https://files.pythonhosted.org/packages/6a/4a/a4d49415e600bacae038c67f9fecc1d5433b9d3c71a4de6f33537b89654c/MarkupSafe-2.1.5-cp310-cp310-macosx_10_9_x86_64.whl", hash = "sha256:72b6be590cc35924b02c78ef34b467da4ba07e4e0f0454a2c5907f473fc50ce5", size = 14079 },
    { url = "https://files.pythonhosted.org/packages/0a/7b/85681ae3c33c385b10ac0f8dd025c30af83c78cec1c37a6aa3b55e67f5ec/MarkupSafe-2.1.5-cp310-cp310-manylinux_2_17_aarch64.manylinux2014_aarch64.whl", hash = "sha256:e61659ba32cf2cf1481e575d0462554625196a1f2fc06a1c777d3f48e8865d46", size = 26620 },
    { url = "https://files.pythonhosted.org/packages/7c/52/2b1b570f6b8b803cef5ac28fdf78c0da318916c7d2fe9402a84d591b394c/MarkupSafe-2.1.5-cp310-cp310-manylinux_2_17_x86_64.manylinux2014_x86_64.whl", hash = "sha256:2174c595a0d73a3080ca3257b40096db99799265e1c27cc5a610743acd86d62f", size = 25818 },
    { url = "https://files.pythonhosted.org/packages/29/fe/a36ba8c7ca55621620b2d7c585313efd10729e63ef81e4e61f52330da781/MarkupSafe-2.1.5-cp310-cp310-manylinux_2_5_i686.manylinux1_i686.manylinux_2_17_i686.manylinux2014_i686.whl", hash = "sha256:ae2ad8ae6ebee9d2d94b17fb62763125f3f374c25618198f40cbb8b525411900", size = 25493 },
    { url = "https://files.pythonhosted.org/packages/60/ae/9c60231cdfda003434e8bd27282b1f4e197ad5a710c14bee8bea8a9ca4f0/MarkupSafe-2.1.5-cp310-cp310-musllinux_1_1_aarch64.whl", hash = "sha256:075202fa5b72c86ad32dc7d0b56024ebdbcf2048c0ba09f1cde31bfdd57bcfff", size = 30630 },
    { url = "https://files.pythonhosted.org/packages/65/dc/1510be4d179869f5dafe071aecb3f1f41b45d37c02329dfba01ff59e5ac5/MarkupSafe-2.1.5-cp310-cp310-musllinux_1_1_i686.whl", hash = "sha256:598e3276b64aff0e7b3451b72e94fa3c238d452e7ddcd893c3ab324717456bad", size = 29745 },
    { url = "https://files.pythonhosted.org/packages/30/39/8d845dd7d0b0613d86e0ef89549bfb5f61ed781f59af45fc96496e897f3a/MarkupSafe-2.1.5-cp310-cp310-musllinux_1_1_x86_64.whl", hash = "sha256:fce659a462a1be54d2ffcacea5e3ba2d74daa74f30f5f143fe0c58636e355fdd", size = 30021 },
    { url = "https://files.pythonhosted.org/packages/c7/5c/356a6f62e4f3c5fbf2602b4771376af22a3b16efa74eb8716fb4e328e01e/MarkupSafe-2.1.5-cp310-cp310-win32.whl", hash = "sha256:d9fad5155d72433c921b782e58892377c44bd6252b5af2f67f16b194987338a4", size = 16659 },
    { url = "https://files.pythonhosted.org/packages/69/48/acbf292615c65f0604a0c6fc402ce6d8c991276e16c80c46a8f758fbd30c/MarkupSafe-2.1.5-cp310-cp310-win_amd64.whl", hash = "sha256:bf50cd79a75d181c9181df03572cdce0fbb75cc353bc350712073108cba98de5", size = 17213 },
    { url = "https://files.pythonhosted.org/packages/11/e7/291e55127bb2ae67c64d66cef01432b5933859dfb7d6949daa721b89d0b3/MarkupSafe-2.1.5-cp311-cp311-macosx_10_9_universal2.whl", hash = "sha256:629ddd2ca402ae6dbedfceeba9c46d5f7b2a61d9749597d4307f943ef198fc1f", size = 18219 },
    { url = "https://files.pythonhosted.org/packages/6b/cb/aed7a284c00dfa7c0682d14df85ad4955a350a21d2e3b06d8240497359bf/MarkupSafe-2.1.5-cp311-cp311-macosx_10_9_x86_64.whl", hash = "sha256:5b7b716f97b52c5a14bffdf688f971b2d5ef4029127f1ad7a513973cfd818df2", size = 14098 },
    { url = "https://files.pythonhosted.org/packages/1c/cf/35fe557e53709e93feb65575c93927942087e9b97213eabc3fe9d5b25a55/MarkupSafe-2.1.5-cp311-cp311-manylinux_2_17_aarch64.manylinux2014_aarch64.whl", hash = "sha256:6ec585f69cec0aa07d945b20805be741395e28ac1627333b1c5b0105962ffced", size = 29014 },
    { url = "https://files.pythonhosted.org/packages/97/18/c30da5e7a0e7f4603abfc6780574131221d9148f323752c2755d48abad30/MarkupSafe-2.1.5-cp311-cp311-manylinux_2_17_x86_64.manylinux2014_x86_64.whl", hash = "sha256:b91c037585eba9095565a3556f611e3cbfaa42ca1e865f7b8015fe5c7336d5a5", size = 28220 },
    { url = "https://files.pythonhosted.org/packages/0c/40/2e73e7d532d030b1e41180807a80d564eda53babaf04d65e15c1cf897e40/MarkupSafe-2.1.5-cp311-cp311-manylinux_2_5_i686.manylinux1_i686.manylinux_2_17_i686.manylinux2014_i686.whl", hash = "sha256:7502934a33b54030eaf1194c21c692a534196063db72176b0c4028e140f8f32c", size = 27756 },
    { url = "https://files.pythonhosted.org/packages/18/46/5dca760547e8c59c5311b332f70605d24c99d1303dd9a6e1fc3ed0d73561/MarkupSafe-2.1.5-cp311-cp311-musllinux_1_1_aarch64.whl", hash = "sha256:0e397ac966fdf721b2c528cf028494e86172b4feba51d65f81ffd65c63798f3f", size = 33988 },
    { url = "https://files.pythonhosted.org/packages/6d/c5/27febe918ac36397919cd4a67d5579cbbfa8da027fa1238af6285bb368ea/MarkupSafe-2.1.5-cp311-cp311-musllinux_1_1_i686.whl", hash = "sha256:c061bb86a71b42465156a3ee7bd58c8c2ceacdbeb95d05a99893e08b8467359a", size = 32718 },
    { url = "https://files.pythonhosted.org/packages/f8/81/56e567126a2c2bc2684d6391332e357589a96a76cb9f8e5052d85cb0ead8/MarkupSafe-2.1.5-cp311-cp311-musllinux_1_1_x86_64.whl", hash = "sha256:3a57fdd7ce31c7ff06cdfbf31dafa96cc533c21e443d57f5b1ecc6cdc668ec7f", size = 33317 },
    { url = "https://files.pythonhosted.org/packages/00/0b/23f4b2470accb53285c613a3ab9ec19dc944eaf53592cb6d9e2af8aa24cc/MarkupSafe-2.1.5-cp311-cp311-win32.whl", hash = "sha256:397081c1a0bfb5124355710fe79478cdbeb39626492b15d399526ae53422b906", size = 16670 },
    { url = "https://files.pythonhosted.org/packages/b7/a2/c78a06a9ec6d04b3445a949615c4c7ed86a0b2eb68e44e7541b9d57067cc/MarkupSafe-2.1.5-cp311-cp311-win_amd64.whl", hash = "sha256:2b7c57a4dfc4f16f7142221afe5ba4e093e09e728ca65c51f5620c9aaeb9a617", size = 17224 },
    { url = "https://files.pythonhosted.org/packages/53/bd/583bf3e4c8d6a321938c13f49d44024dbe5ed63e0a7ba127e454a66da974/MarkupSafe-2.1.5-cp312-cp312-macosx_10_9_universal2.whl", hash = "sha256:8dec4936e9c3100156f8a2dc89c4b88d5c435175ff03413b443469c7c8c5f4d1", size = 18215 },
    { url = "https://files.pythonhosted.org/packages/48/d6/e7cd795fc710292c3af3a06d80868ce4b02bfbbf370b7cee11d282815a2a/MarkupSafe-2.1.5-cp312-cp312-macosx_10_9_x86_64.whl", hash = "sha256:3c6b973f22eb18a789b1460b4b91bf04ae3f0c4234a0a6aa6b0a92f6f7b951d4", size = 14069 },
    { url = "https://files.pythonhosted.org/packages/51/b5/5d8ec796e2a08fc814a2c7d2584b55f889a55cf17dd1a90f2beb70744e5c/MarkupSafe-2.1.5-cp312-cp312-manylinux_2_17_aarch64.manylinux2014_aarch64.whl", hash = "sha256:ac07bad82163452a6884fe8fa0963fb98c2346ba78d779ec06bd7a6262132aee", size = 29452 },
    { url = "https://files.pythonhosted.org/packages/0a/0d/2454f072fae3b5a137c119abf15465d1771319dfe9e4acbb31722a0fff91/MarkupSafe-2.1.5-cp312-cp312-manylinux_2_17_x86_64.manylinux2014_x86_64.whl", hash = "sha256:f5dfb42c4604dddc8e4305050aa6deb084540643ed5804d7455b5df8fe16f5e5", size = 28462 },
    { url = "https://files.pythonhosted.org/packages/2d/75/fd6cb2e68780f72d47e6671840ca517bda5ef663d30ada7616b0462ad1e3/MarkupSafe-2.1.5-cp312-cp312-manylinux_2_5_i686.manylinux1_i686.manylinux_2_17_i686.manylinux2014_i686.whl", hash = "sha256:ea3d8a3d18833cf4304cd2fc9cbb1efe188ca9b5efef2bdac7adc20594a0e46b", size = 27869 },
    { url = "https://files.pythonhosted.org/packages/b0/81/147c477391c2750e8fc7705829f7351cf1cd3be64406edcf900dc633feb2/MarkupSafe-2.1.5-cp312-cp312-musllinux_1_1_aarch64.whl", hash = "sha256:d050b3361367a06d752db6ead6e7edeb0009be66bc3bae0ee9d97fb326badc2a", size = 33906 },
    { url = "https://files.pythonhosted.org/packages/8b/ff/9a52b71839d7a256b563e85d11050e307121000dcebc97df120176b3ad93/MarkupSafe-2.1.5-cp312-cp312-musllinux_1_1_i686.whl", hash = "sha256:bec0a414d016ac1a18862a519e54b2fd0fc8bbfd6890376898a6c0891dd82e9f", size = 32296 },
    { url = "https://files.pythonhosted.org/packages/88/07/2dc76aa51b481eb96a4c3198894f38b480490e834479611a4053fbf08623/MarkupSafe-2.1.5-cp312-cp312-musllinux_1_1_x86_64.whl", hash = "sha256:58c98fee265677f63a4385256a6d7683ab1832f3ddd1e66fe948d5880c21a169", size = 33038 },
    { url = "https://files.pythonhosted.org/packages/96/0c/620c1fb3661858c0e37eb3cbffd8c6f732a67cd97296f725789679801b31/MarkupSafe-2.1.5-cp312-cp312-win32.whl", hash = "sha256:8590b4ae07a35970728874632fed7bd57b26b0102df2d2b233b6d9d82f6c62ad", size = 16572 },
    { url = "https://files.pythonhosted.org/packages/3f/14/c3554d512d5f9100a95e737502f4a2323a1959f6d0d01e0d0997b35f7b10/MarkupSafe-2.1.5-cp312-cp312-win_amd64.whl", hash = "sha256:823b65d8706e32ad2df51ed89496147a42a2a6e01c13cfb6ffb8b1e92bc910bb", size = 17127 },
]

[[package]]
name = "prometheus-client"
version = "0.21.0"
source = { registry = "https://pypi.org/simple" }
sdist = { url = "https://files.pythonhosted.org/packages/e1/54/a369868ed7a7f1ea5163030f4fc07d85d22d7a1d270560dab675188fb612/prometheus_client-0.21.0.tar.gz", hash = "sha256:96c83c606b71ff2b0a433c98889d275f51ffec6c5e267de37c7a2b5c9aa9233e", size = 78634 }
wheels = [
    { url = "https://files.pythonhosted.org/packages/84/2d/46ed6436849c2c88228c3111865f44311cff784b4aabcdef4ea2545dbc3d/prometheus_client-0.21.0-py3-none-any.whl", hash = "sha256:4fa6b4dd0ac16d58bb587c04b1caae65b8c5043e85f778f42f5f632f6af2e166", size = 54686 },
]

[[package]]
name = "python-dashboard"
version = "0.1.0"
source = { virtual = "." }
dependencies = [
    { name = "couchbase" },
    { name = "flask" },
    { name = "flask-restx" },
    { name = "prometheus-client" },
    { name = "python-dotenv" },
]

[package.metadata]
requires-dist = [
    { name = "couchbase", specifier = ">=4.3.2" },
    { name = "flask", specifier = ">=3.0.3" },
    { name = "flask-restx", specifier = ">=1.3.0" },
    { name = "prometheus-client", specifier = ">=0.21.0" },
    { name = "python-dotenv", specifier = ">=1.0.1" },
]

[[package]]
name = "python-dotenv"
version = "1.0.1"
source = { registry = "https://pypi.org/simple" }
sdist = { url = "https://files.pythonhosted.org/packages/bc/57/e84d88dfe0aec03b7a2d4327012c1627ab5f03652216c63d49846d7a6c58/python-dotenv-1.0.1.tar.gz", hash = "sha256:e324ee90a023d808f1959c46bcbc04446a10ced277783dc6ee09987c37ec10ca", size = 39115 }
wheels = [
    { url = "https://files.pythonhosted.org/packages/6a/3e/b68c118422ec867fa7ab88444e1274aa40681c606d59ac27de5a5588f082/python_dotenv-1.0.1-py3-none-any.whl", hash = "sha256:f7b63ef50f1b690dddf550d03497b66d609393b40b564ed0d674909a68ebf16a", size = 19863 },
]

[[package]]
name = "pytz"
version = "2024.2"
source = { registry = "https://pypi.org/simple" }
sdist = { url = "https://files.pythonhosted.org/packages/3a/31/3c70bf7603cc2dca0f19bdc53b4537a797747a58875b552c8c413d963a3f/pytz-2024.2.tar.gz", hash = "sha256:2aa355083c50a0f93fa581709deac0c9ad65cca8a9e9beac660adcbd493c798a", size = 319692 }
wheels = [
    { url = "https://files.pythonhosted.org/packages/11/c3/005fcca25ce078d2cc29fd559379817424e94885510568bc1bc53d7d5846/pytz-2024.2-py2.py3-none-any.whl", hash = "sha256:31c7c1817eb7fae7ca4b8c7ee50c72f93aa2dd863de768e1ef4245d426aa0725", size = 508002 },
]

[[package]]
name = "referencing"
version = "0.35.1"
source = { registry = "https://pypi.org/simple" }
dependencies = [
    { name = "attrs" },
    { name = "rpds-py" },
]
sdist = { url = "https://files.pythonhosted.org/packages/99/5b/73ca1f8e72fff6fa52119dbd185f73a907b1989428917b24cff660129b6d/referencing-0.35.1.tar.gz", hash = "sha256:25b42124a6c8b632a425174f24087783efb348a6f1e0008e63cd4466fedf703c", size = 62991 }
wheels = [
    { url = "https://files.pythonhosted.org/packages/b7/59/2056f61236782a2c86b33906c025d4f4a0b17be0161b63b70fd9e8775d36/referencing-0.35.1-py3-none-any.whl", hash = "sha256:eda6d3234d62814d1c64e305c1331c9a3a6132da475ab6382eaa997b21ee75de", size = 26684 },
]

[[package]]
name = "rpds-py"
version = "0.20.0"
source = { registry = "https://pypi.org/simple" }
sdist = { url = "https://files.pythonhosted.org/packages/55/64/b693f262791b818880d17268f3f8181ef799b0d187f6f731b1772e05a29a/rpds_py-0.20.0.tar.gz", hash = "sha256:d72a210824facfdaf8768cf2d7ca25a042c30320b3020de2fa04640920d4e121", size = 25814 }
wheels = [
    { url = "https://files.pythonhosted.org/packages/71/2d/a7e60483b72b91909e18f29a5c5ae847bac4e2ae95b77bb77e1f41819a58/rpds_py-0.20.0-cp310-cp310-macosx_10_12_x86_64.whl", hash = "sha256:3ad0fda1635f8439cde85c700f964b23ed5fc2d28016b32b9ee5fe30da5c84e2", size = 318432 },
    { url = "https://files.pythonhosted.org/packages/b5/b4/f15b0c55a6d880ce74170e7e28c3ed6c5acdbbd118df50b91d1dabf86008/rpds_py-0.20.0-cp310-cp310-macosx_11_0_arm64.whl", hash = "sha256:9bb4a0d90fdb03437c109a17eade42dfbf6190408f29b2744114d11586611d6f", size = 311333 },
    { url = "https://files.pythonhosted.org/packages/36/10/3f4e490fe6eb069c07c22357d0b4804cd94cb9f8d01345ef9b1d93482b9d/rpds_py-0.20.0-cp310-cp310-manylinux_2_17_aarch64.manylinux2014_aarch64.whl", hash = "sha256:c6377e647bbfd0a0b159fe557f2c6c602c159fc752fa316572f012fc0bf67150", size = 366697 },
    { url = "https://files.pythonhosted.org/packages/f5/c8/cd6ab31b4424c7fab3b17e153b6ea7d1bb0d7cabea5c1ef683cc8adb8bc2/rpds_py-0.20.0-cp310-cp310-manylinux_2_17_armv7l.manylinux2014_armv7l.whl", hash = "sha256:eb851b7df9dda52dc1415ebee12362047ce771fc36914586b2e9fcbd7d293b3e", size = 368386 },
    { url = "https://files.pythonhosted.org/packages/60/5e/642a44fda6dda90b5237af7a0ef1d088159c30a504852b94b0396eb62125/rpds_py-0.20.0-cp310-cp310-manylinux_2_17_ppc64le.manylinux2014_ppc64le.whl", hash = "sha256:1e0f80b739e5a8f54837be5d5c924483996b603d5502bfff79bf33da06164ee2", size = 395374 },
    { url = "https://files.pythonhosted.org/packages/7c/b5/ff18c093c9e72630f6d6242e5ccb0728ef8265ba0a154b5972f89d23790a/rpds_py-0.20.0-cp310-cp310-manylinux_2_17_s390x.manylinux2014_s390x.whl", hash = "sha256:5a8c94dad2e45324fc74dce25e1645d4d14df9a4e54a30fa0ae8bad9a63928e3", size = 433189 },
    { url = "https://files.pythonhosted.org/packages/4a/6d/1166a157b227f2333f8e8ae320b6b7ea2a6a38fbe7a3563ad76dffc8608d/rpds_py-0.20.0-cp310-cp310-manylinux_2_17_x86_64.manylinux2014_x86_64.whl", hash = "sha256:f8e604fe73ba048c06085beaf51147eaec7df856824bfe7b98657cf436623daf", size = 354849 },
    { url = "https://files.pythonhosted.org/packages/70/a4/70ea49863ea09ae4c2971f2eef58e80b757e3c0f2f618c5815bb751f7847/rpds_py-0.20.0-cp310-cp310-manylinux_2_5_i686.manylinux1_i686.whl", hash = "sha256:df3de6b7726b52966edf29663e57306b23ef775faf0ac01a3e9f4012a24a4140", size = 373233 },
    { url = "https://files.pythonhosted.org/packages/3b/d3/822a28152a1e7e2ba0dc5d06cf8736f4cd64b191bb6ec47fb51d1c3c5ccf/rpds_py-0.20.0-cp310-cp310-musllinux_1_2_aarch64.whl", hash = "sha256:cf258ede5bc22a45c8e726b29835b9303c285ab46fc7c3a4cc770736b5304c9f", size = 541852 },
    { url = "https://files.pythonhosted.org/packages/c6/a5/6ef91e4425dc8b3445ff77d292fc4c5e37046462434a0423c4e0a596a8bd/rpds_py-0.20.0-cp310-cp310-musllinux_1_2_i686.whl", hash = "sha256:55fea87029cded5df854ca7e192ec7bdb7ecd1d9a3f63d5c4eb09148acf4a7ce", size = 547630 },
    { url = "https://files.pythonhosted.org/packages/72/f8/d5625ee05c4e5c478954a16d9359069c66fe8ac8cd5ddf28f80d3b321837/rpds_py-0.20.0-cp310-cp310-musllinux_1_2_x86_64.whl", hash = "sha256:ae94bd0b2f02c28e199e9bc51485d0c5601f58780636185660f86bf80c89af94", size = 525766 },
    { url = "https://files.pythonhosted.org/packages/94/3c/1ff1ed6ae323b3e16fdfcdae0f0a67f373a6c3d991229dc32b499edeffb7/rpds_py-0.20.0-cp310-none-win32.whl", hash = "sha256:28527c685f237c05445efec62426d285e47a58fb05ba0090a4340b73ecda6dee", size = 199174 },
    { url = "https://files.pythonhosted.org/packages/ec/ba/5762c0aee2403dfea14ed74b0f8a2415cfdbb21cf745d600d9a8ac952c5b/rpds_py-0.20.0-cp310-none-win_amd64.whl", hash = "sha256:238a2d5b1cad28cdc6ed15faf93a998336eb041c4e440dd7f902528b8891b399", size = 213543 },
    { url = "https://files.pythonhosted.org/packages/ab/2a/191374c52d7be0b056cc2a04d718d2244c152f915d4a8d2db2aacc526189/rpds_py-0.20.0-cp311-cp311-macosx_10_12_x86_64.whl", hash = "sha256:ac2f4f7a98934c2ed6505aead07b979e6f999389f16b714448fb39bbaa86a489", size = 318369 },
    { url = "https://files.pythonhosted.org/packages/0e/6a/2c9fdcc6d235ac0d61ec4fd9981184689c3e682abd05e3caa49bccb9c298/rpds_py-0.20.0-cp311-cp311-macosx_11_0_arm64.whl", hash = "sha256:220002c1b846db9afd83371d08d239fdc865e8f8c5795bbaec20916a76db3318", size = 311303 },
    { url = "https://files.pythonhosted.org/packages/d2/b2/725487d29633f64ef8f9cbf4729111a0b61702c8f8e94db1653930f52cce/rpds_py-0.20.0-cp311-cp311-manylinux_2_17_aarch64.manylinux2014_aarch64.whl", hash = "sha256:8d7919548df3f25374a1f5d01fbcd38dacab338ef5f33e044744b5c36729c8db", size = 366424 },
    { url = "https://files.pythonhosted.org/packages/7a/8c/668195ab9226d01b7cf7cd9e59c1c0be1df05d602df7ec0cf46f857dcf59/rpds_py-0.20.0-cp311-cp311-manylinux_2_17_armv7l.manylinux2014_armv7l.whl", hash = "sha256:758406267907b3781beee0f0edfe4a179fbd97c0be2e9b1154d7f0a1279cf8e5", size = 368359 },
    { url = "https://files.pythonhosted.org/packages/52/28/356f6a39c1adeb02cf3e5dd526f5e8e54e17899bef045397abcfbf50dffa/rpds_py-0.20.0-cp311-cp311-manylinux_2_17_ppc64le.manylinux2014_ppc64le.whl", hash = "sha256:3d61339e9f84a3f0767b1995adfb171a0d00a1185192718a17af6e124728e0f5", size = 394886 },
    { url = "https://files.pythonhosted.org/packages/a2/65/640fb1a89080a8fb6f4bebd3dafb65a2edba82e2e44c33e6eb0f3e7956f1/rpds_py-0.20.0-cp311-cp311-manylinux_2_17_s390x.manylinux2014_s390x.whl", hash = "sha256:1259c7b3705ac0a0bd38197565a5d603218591d3f6cee6e614e380b6ba61c6f6", size = 432416 },
    { url = "https://files.pythonhosted.org/packages/a7/e8/85835077b782555d6b3416874b702ea6ebd7db1f145283c9252968670dd5/rpds_py-0.20.0-cp311-cp311-manylinux_2_17_x86_64.manylinux2014_x86_64.whl", hash = "sha256:5c1dc0f53856b9cc9a0ccca0a7cc61d3d20a7088201c0937f3f4048c1718a209", size = 354819 },
    { url = "https://files.pythonhosted.org/packages/4f/87/1ac631e923d65cbf36fbcfc6eaa702a169496de1311e54be142f178e53ee/rpds_py-0.20.0-cp311-cp311-manylinux_2_5_i686.manylinux1_i686.whl", hash = "sha256:7e60cb630f674a31f0368ed32b2a6b4331b8350d67de53c0359992444b116dd3", size = 373282 },
    { url = "https://files.pythonhosted.org/packages/e4/ce/cb316f7970189e217b998191c7cf0da2ede3d5437932c86a7210dc1e9994/rpds_py-0.20.0-cp311-cp311-musllinux_1_2_aarch64.whl", hash = "sha256:dbe982f38565bb50cb7fb061ebf762c2f254ca3d8c20d4006878766e84266272", size = 541540 },
    { url = "https://files.pythonhosted.org/packages/90/d7/4112d7655ec8aff168ecc91d4ceb51c557336edde7e6ccf6463691a2f253/rpds_py-0.20.0-cp311-cp311-musllinux_1_2_i686.whl", hash = "sha256:514b3293b64187172bc77c8fb0cdae26981618021053b30d8371c3a902d4d5ad", size = 547640 },
    { url = "https://files.pythonhosted.org/packages/ab/44/4f61d64dfed98cc71623f3a7fcb612df636a208b4b2c6611eaa985e130a9/rpds_py-0.20.0-cp311-cp311-musllinux_1_2_x86_64.whl", hash = "sha256:d0a26ffe9d4dd35e4dfdd1e71f46401cff0181c75ac174711ccff0459135fa58", size = 525555 },
    { url = "https://files.pythonhosted.org/packages/35/f2/a862d81eacb21f340d584cd1c749c289979f9a60e9229f78bffc0418a199/rpds_py-0.20.0-cp311-none-win32.whl", hash = "sha256:89c19a494bf3ad08c1da49445cc5d13d8fefc265f48ee7e7556839acdacf69d0", size = 199338 },
    { url = "https://files.pythonhosted.org/packages/cc/ec/77d0674f9af4872919f3738018558dd9d37ad3f7ad792d062eadd4af7cba/rpds_py-0.20.0-cp311-none-win_amd64.whl", hash = "sha256:c638144ce971df84650d3ed0096e2ae7af8e62ecbbb7b201c8935c370df00a2c", size = 213585 },
    { url = "https://files.pythonhosted.org/packages/89/b7/f9682c5cc37fcc035f4a0fc33c1fe92ec9cbfdee0cdfd071cf948f53e0df/rpds_py-0.20.0-cp312-cp312-macosx_10_12_x86_64.whl", hash = "sha256:a84ab91cbe7aab97f7446652d0ed37d35b68a465aeef8fc41932a9d7eee2c1a6", size = 321468 },
    { url = "https://files.pythonhosted.org/packages/b8/ad/fc82be4eaceb8d444cb6fc1956ce972b3a0795104279de05e0e4131d0a47/rpds_py-0.20.0-cp312-cp312-macosx_11_0_arm64.whl", hash = "sha256:56e27147a5a4c2c21633ff8475d185734c0e4befd1c989b5b95a5d0db699b21b", size = 313062 },
    { url = "https://files.pythonhosted.org/packages/0e/1c/6039e80b13a08569a304dc13476dc986352dca4598e909384db043b4e2bb/rpds_py-0.20.0-cp312-cp312-manylinux_2_17_aarch64.manylinux2014_aarch64.whl", hash = "sha256:2580b0c34583b85efec8c5c5ec9edf2dfe817330cc882ee972ae650e7b5ef739", size = 370168 },
    { url = "https://files.pythonhosted.org/packages/dc/c9/5b9aa35acfb58946b4b785bc8e700ac313669e02fb100f3efa6176a83e81/rpds_py-0.20.0-cp312-cp312-manylinux_2_17_armv7l.manylinux2014_armv7l.whl", hash = "sha256:b80d4a7900cf6b66bb9cee5c352b2d708e29e5a37fe9bf784fa97fc11504bf6c", size = 371376 },
    { url = "https://files.pythonhosted.org/packages/7b/dd/0e0dbeb70d8a5357d2814764d467ded98d81d90d3570de4fb05ec7224f6b/rpds_py-0.20.0-cp312-cp312-manylinux_2_17_ppc64le.manylinux2014_ppc64le.whl", hash = "sha256:50eccbf054e62a7b2209b28dc7a22d6254860209d6753e6b78cfaeb0075d7bee", size = 397200 },
    { url = "https://files.pythonhosted.org/packages/e4/da/a47d931eb688ccfd77a7389e45935c79c41e8098d984d87335004baccb1d/rpds_py-0.20.0-cp312-cp312-manylinux_2_17_s390x.manylinux2014_s390x.whl", hash = "sha256:49a8063ea4296b3a7e81a5dfb8f7b2d73f0b1c20c2af401fb0cdf22e14711a96", size = 426824 },
    { url = "https://files.pythonhosted.org/packages/0f/f7/a59a673594e6c2ff2dbc44b00fd4ecdec2fc399bb6a7bd82d612699a0121/rpds_py-0.20.0-cp312-cp312-manylinux_2_17_x86_64.manylinux2014_x86_64.whl", hash = "sha256:ea438162a9fcbee3ecf36c23e6c68237479f89f962f82dae83dc15feeceb37e4", size = 357967 },
    { url = "https://files.pythonhosted.org/packages/5f/61/3ba1905396b2cb7088f9503a460b87da33452da54d478cb9241f6ad16d00/rpds_py-0.20.0-cp312-cp312-manylinux_2_5_i686.manylinux1_i686.whl", hash = "sha256:18d7585c463087bddcfa74c2ba267339f14f2515158ac4db30b1f9cbdb62c8ef", size = 378905 },
    { url = "https://files.pythonhosted.org/packages/08/31/6d0df9356b4edb0a3a077f1ef714e25ad21f9f5382fc490c2383691885ea/rpds_py-0.20.0-cp312-cp312-musllinux_1_2_aarch64.whl", hash = "sha256:d4c7d1a051eeb39f5c9547e82ea27cbcc28338482242e3e0b7768033cb083821", size = 546348 },
    { url = "https://files.pythonhosted.org/packages/ae/15/d33c021de5cb793101df9961c3c746dfc476953dbbf5db337d8010dffd4e/rpds_py-0.20.0-cp312-cp312-musllinux_1_2_i686.whl", hash = "sha256:e4df1e3b3bec320790f699890d41c59d250f6beda159ea3c44c3f5bac1976940", size = 553152 },
    { url = "https://files.pythonhosted.org/packages/70/2d/5536d28c507a4679179ab15aa0049440e4d3dd6752050fa0843ed11e9354/rpds_py-0.20.0-cp312-cp312-musllinux_1_2_x86_64.whl", hash = "sha256:2cf126d33a91ee6eedc7f3197b53e87a2acdac63602c0f03a02dd69e4b138174", size = 528807 },
    { url = "https://files.pythonhosted.org/packages/e3/62/7ebe6ec0d3dd6130921f8cffb7e34afb7f71b3819aa0446a24c5e81245ec/rpds_py-0.20.0-cp312-none-win32.whl", hash = "sha256:8bc7690f7caee50b04a79bf017a8d020c1f48c2a1077ffe172abec59870f1139", size = 200993 },
    { url = "https://files.pythonhosted.org/packages/ec/2f/b938864d66b86a6e4acadefdc56de75ef56f7cafdfd568a6464605457bd5/rpds_py-0.20.0-cp312-none-win_amd64.whl", hash = "sha256:0e13e6952ef264c40587d510ad676a988df19adea20444c2b295e536457bc585", size = 214458 },
    { url = "https://files.pythonhosted.org/packages/99/32/43b919a0a423c270a838ac2726b1c7168b946f2563fd99a51aaa9692d00f/rpds_py-0.20.0-cp313-cp313-macosx_10_12_x86_64.whl", hash = "sha256:aa9a0521aeca7d4941499a73ad7d4f8ffa3d1affc50b9ea11d992cd7eff18a29", size = 321465 },
    { url = "https://files.pythonhosted.org/packages/58/a9/c4d899cb28e9e47b0ff12462e8f827381f243176036f17bef9c1604667f2/rpds_py-0.20.0-cp313-cp313-macosx_11_0_arm64.whl", hash = "sha256:4a1f1d51eccb7e6c32ae89243cb352389228ea62f89cd80823ea7dd1b98e0b91", size = 312900 },
    { url = "https://files.pythonhosted.org/packages/8f/90/9e51670575b5dfaa8c823369ef7d943087bfb73d4f124a99ad6ef19a2b26/rpds_py-0.20.0-cp313-cp313-manylinux_2_17_aarch64.manylinux2014_aarch64.whl", hash = "sha256:8a86a9b96070674fc88b6f9f71a97d2c1d3e5165574615d1f9168ecba4cecb24", size = 370973 },
    { url = "https://files.pythonhosted.org/packages/fc/c1/523f2a03f853fc0d4c1acbef161747e9ab7df0a8abf6236106e333540921/rpds_py-0.20.0-cp313-cp313-manylinux_2_17_armv7l.manylinux2014_armv7l.whl", hash = "sha256:6c8ef2ebf76df43f5750b46851ed1cdf8f109d7787ca40035fe19fbdc1acc5a7", size = 370890 },
    { url = "https://files.pythonhosted.org/packages/51/ca/2458a771f16b0931de4d384decbe43016710bc948036c8f4562d6e063437/rpds_py-0.20.0-cp313-cp313-manylinux_2_17_ppc64le.manylinux2014_ppc64le.whl", hash = "sha256:b74b25f024b421d5859d156750ea9a65651793d51b76a2e9238c05c9d5f203a9", size = 397174 },
    { url = "https://files.pythonhosted.org/packages/00/7d/6e06807f6305ea2408b364efb0eef83a6e21b5e7b5267ad6b473b9a7e416/rpds_py-0.20.0-cp313-cp313-manylinux_2_17_s390x.manylinux2014_s390x.whl", hash = "sha256:57eb94a8c16ab08fef6404301c38318e2c5a32216bf5de453e2714c964c125c8", size = 426449 },
    { url = "https://files.pythonhosted.org/packages/8c/d1/6c9e65260a819a1714510a7d69ac1d68aa23ee9ce8a2d9da12187263c8fc/rpds_py-0.20.0-cp313-cp313-manylinux_2_17_x86_64.manylinux2014_x86_64.whl", hash = "sha256:e1940dae14e715e2e02dfd5b0f64a52e8374a517a1e531ad9412319dc3ac7879", size = 357698 },
    { url = "https://files.pythonhosted.org/packages/5d/fb/ecea8b5286d2f03eec922be7173a03ed17278944f7c124348f535116db15/rpds_py-0.20.0-cp313-cp313-manylinux_2_5_i686.manylinux1_i686.whl", hash = "sha256:d20277fd62e1b992a50c43f13fbe13277a31f8c9f70d59759c88f644d66c619f", size = 378530 },
    { url = "https://files.pythonhosted.org/packages/e3/e3/ac72f858957f52a109c588589b73bd2fad4a0fc82387fb55fb34aeb0f9cd/rpds_py-0.20.0-cp313-cp313-musllinux_1_2_aarch64.whl", hash = "sha256:06db23d43f26478303e954c34c75182356ca9aa7797d22c5345b16871ab9c45c", size = 545753 },
    { url = "https://files.pythonhosted.org/packages/b2/a4/a27683b519d5fc98e4390a3b130117d80fd475c67aeda8aac83c0e8e326a/rpds_py-0.20.0-cp313-cp313-musllinux_1_2_i686.whl", hash = "sha256:b2a5db5397d82fa847e4c624b0c98fe59d2d9b7cf0ce6de09e4d2e80f8f5b3f2", size = 552443 },
    { url = "https://files.pythonhosted.org/packages/a1/ed/c074d248409b4432b1ccb2056974175fa0af2d1bc1f9c21121f80a358fa3/rpds_py-0.20.0-cp313-cp313-musllinux_1_2_x86_64.whl", hash = "sha256:5a35df9f5548fd79cb2f52d27182108c3e6641a4feb0f39067911bf2adaa3e57", size = 528380 },
    { url = "https://files.pythonhosted.org/packages/d5/bd/04caf938895d2d78201e89c0c8a94dfd9990c34a19ff52fb01d0912343e3/rpds_py-0.20.0-cp313-none-win32.whl", hash = "sha256:fd2d84f40633bc475ef2d5490b9c19543fbf18596dcb1b291e3a12ea5d722f7a", size = 200540 },
    { url = "https://files.pythonhosted.org/packages/95/cc/109eb8b9863680411ae703664abacaa035820c7755acc9686d5dd02cdd2e/rpds_py-0.20.0-cp313-none-win_amd64.whl", hash = "sha256:9bc2d153989e3216b0559251b0c260cfd168ec78b1fac33dd485750a228db5a2", size = 214111 },
    { url = "https://files.pythonhosted.org/packages/06/39/bf1f664c347c946ef56cecaa896e3693d91acc741afa78ebb3fdb7aba08b/rpds_py-0.20.0-pp310-pypy310_pp73-macosx_10_12_x86_64.whl", hash = "sha256:617c7357272c67696fd052811e352ac54ed1d9b49ab370261a80d3b6ce385045", size = 319444 },
    { url = "https://files.pythonhosted.org/packages/c1/71/876135d3cb90d62468540b84e8e83ff4dc92052ab309bfdea7ea0b9221ad/rpds_py-0.20.0-pp310-pypy310_pp73-macosx_11_0_arm64.whl", hash = "sha256:9426133526f69fcaba6e42146b4e12d6bc6c839b8b555097020e2b78ce908dcc", size = 311699 },
    { url = "https://files.pythonhosted.org/packages/f7/da/8ccaeba6a3dda7467aebaf893de9eafd56275e2c90773c83bf15fb0b8374/rpds_py-0.20.0-pp310-pypy310_pp73-manylinux_2_17_aarch64.manylinux2014_aarch64.whl", hash = "sha256:deb62214c42a261cb3eb04d474f7155279c1a8a8c30ac89b7dcb1721d92c3c02", size = 367825 },
    { url = "https://files.pythonhosted.org/packages/04/b6/02a54c47c178d180395b3c9a8bfb3b93906e08f9acf7b4a1067d27c3fae0/rpds_py-0.20.0-pp310-pypy310_pp73-manylinux_2_17_armv7l.manylinux2014_armv7l.whl", hash = "sha256:fcaeb7b57f1a1e071ebd748984359fef83ecb026325b9d4ca847c95bc7311c92", size = 369046 },
    { url = "https://files.pythonhosted.org/packages/a7/64/df4966743aa4def8727dc13d06527c8b13eb7412c1429def2d4701bee520/rpds_py-0.20.0-pp310-pypy310_pp73-manylinux_2_17_ppc64le.manylinux2014_ppc64le.whl", hash = "sha256:d454b8749b4bd70dd0a79f428731ee263fa6995f83ccb8bada706e8d1d3ff89d", size = 395896 },
    { url = "https://files.pythonhosted.org/packages/6f/d9/7ff03ff3642c600f27ff94512bb158a8d815fea5ed4162c75a7e850d6003/rpds_py-0.20.0-pp310-pypy310_pp73-manylinux_2_17_s390x.manylinux2014_s390x.whl", hash = "sha256:d807dc2051abe041b6649681dce568f8e10668e3c1c6543ebae58f2d7e617855", size = 432427 },
    { url = "https://files.pythonhosted.org/packages/b8/c6/e1b886f7277b3454e55e85332e165091c19114eecb5377b88d892fd36ccf/rpds_py-0.20.0-pp310-pypy310_pp73-manylinux_2_17_x86_64.manylinux2014_x86_64.whl", hash = "sha256:c3c20f0ddeb6e29126d45f89206b8291352b8c5b44384e78a6499d68b52ae511", size = 355403 },
    { url = "https://files.pythonhosted.org/packages/e2/62/e26bd5b944e547c7bfd0b6ca7e306bfa430f8bd298ab72a1217976a7ca8d/rpds_py-0.20.0-pp310-pypy310_pp73-manylinux_2_5_i686.manylinux1_i686.whl", hash = "sha256:b7f19250ceef892adf27f0399b9e5afad019288e9be756d6919cb58892129f51", size = 374491 },
    { url = "https://files.pythonhosted.org/packages/c3/92/93c5a530898d3a5d1ce087455071ba714b77806ed9ffee4070d0c7a53b7e/rpds_py-0.20.0-pp310-pypy310_pp73-musllinux_1_2_aarch64.whl", hash = "sha256:4f1ed4749a08379555cebf4650453f14452eaa9c43d0a95c49db50c18b7da075", size = 543622 },
    { url = "https://files.pythonhosted.org/packages/01/9e/d68fba289625b5d3c9d1925825d7da716fbf812bda2133ac409021d5db13/rpds_py-0.20.0-pp310-pypy310_pp73-musllinux_1_2_i686.whl", hash = "sha256:dcedf0b42bcb4cfff4101d7771a10532415a6106062f005ab97d1d0ab5681c60", size = 548558 },
    { url = "https://files.pythonhosted.org/packages/bf/d6/4b2fad4898154365f0f2bd72ffd190349274a4c1d6a6f94f02a83bb2b8f1/rpds_py-0.20.0-pp310-pypy310_pp73-musllinux_1_2_x86_64.whl", hash = "sha256:39ed0d010457a78f54090fafb5d108501b5aa5604cc22408fc1c0c77eac14344", size = 525753 },
    { url = "https://files.pythonhosted.org/packages/d2/ea/6f121d1802f3adae1981aea4209ea66f9d3c7f2f6d6b85ef4f13a61d17ef/rpds_py-0.20.0-pp310-pypy310_pp73-win_amd64.whl", hash = "sha256:bb273176be34a746bdac0b0d7e4e2c467323d13640b736c4c477881a3220a989", size = 213529 },
]

[[package]]
name = "werkzeug"
version = "3.0.4"
source = { registry = "https://pypi.org/simple" }
dependencies = [
    { name = "markupsafe" },
]
sdist = { url = "https://files.pythonhosted.org/packages/0f/e2/6dbcaab07560909ff8f654d3a2e5a60552d937c909455211b1b36d7101dc/werkzeug-3.0.4.tar.gz", hash = "sha256:34f2371506b250df4d4f84bfe7b0921e4762525762bbd936614909fe25cd7306", size = 803966 }
wheels = [
    { url = "https://files.pythonhosted.org/packages/4b/84/997bbf7c2bf2dc3f09565c6d0b4959fefe5355c18c4096cfd26d83e0785b/werkzeug-3.0.4-py3-none-any.whl", hash = "sha256:02c9eb92b7d6c06f31a782811505d2157837cea66aaede3e217c7c27c039476c", size = 227554 },
]
